
Microsoft Visual Studio Solution File, Format Version 12.00
# Visual Studio Version 16
VisualStudioVersion = 16.0.30114.105
MinimumVisualStudioVersion = 10.0.40219.1
Project("{FAE04EC0-301F-11D3-BF4B-00C04F79EFBC}") = "pa-version-analyzer", "pa-version-analyzer.csproj", "{D22E2CF8-0A7D-47E6-84E7-0BABCB71F69E}"
EndProject
Global
	GlobalSection(SolutionConfigurationPlatforms) = preSolution
		Debug|Any CPU = Debug|Any CPU
		Release|Any CPU = Release|Any CPU
	EndGlobalSection
	GlobalSection(SolutionProperties) = preSolution
		HideSolutionNode = FALSE
	EndGlobalSection
	GlobalSection(ProjectConfigurationPlatforms) = postSolution
		{D22E2CF8-0A7D-47E6-84E7-0BABCB71F69E}.Debug|Any CPU.ActiveCfg = Debug|Any CPU
		{D22E2CF8-0A7D-47E6-84E7-0BABCB71F69E}.Debug|Any CPU.Build.0 = Debug|Any CPU
		{D22E2CF8-0A7D-47E6-84E7-0BABCB71F69E}.Release|Any CPU.ActiveCfg = Release|Any CPU
		{D22E2CF8-0A7D-47E6-84E7-0BABCB71F69E}.Release|Any CPU.Build.0 = Release|Any CPU
	EndGlobalSection
EndGlobal
